// !$*UTF8*$!
{
	archiveVersion = 1;
	classes = {
	};
	objectVersion = 56;
	objects = {

/* Begin PBXBuildFile section */
		5824A7A02B9DDC8100EF239D /* ExampleApp.swift in Sources */ = {isa = PBXBuildFile; fileRef = 5824A79F2B9DDC8100EF239D /* ExampleApp.swift */; };
		5824A7A22B9DDC8100EF239D /* ContentView.swift in Sources */ = {isa = PBXBuildFile; fileRef = 5824A7A12B9DDC8100EF239D /* ContentView.swift */; };
		5824A7A42B9DDC8200EF239D /* Assets.xcassets in Resources */ = {isa = PBXBuildFile; fileRef = 5824A7A32B9DDC8200EF239D /* Assets.xcassets */; };
		5824A7A72B9DDC8200EF239D /* Preview Assets.xcassets in Resources */ = {isa = PBXBuildFile; fileRef = 5824A7A62B9DDC8200EF239D /* Preview Assets.xcassets */; };
		5824A7B12B9DDC8200EF239D /* ExampleTests.swift in Sources */ = {isa = PBXBuildFile; fileRef = 5824A7B02B9DDC8200EF239D /* ExampleTests.swift */; };
		5824A7BB2B9DDC8200EF239D /* ExampleUITests.swift in Sources */ = {isa = PBXBuildFile; fileRef = 5824A7BA2B9DDC8200EF239D /* ExampleUITests.swift */; };
		5824A7BD2B9DDC8200EF239D /* ExampleUITestsLaunchTests.swift in Sources */ = {isa = PBXBuildFile; fileRef = 5824A7BC2B9DDC8200EF239D /* ExampleUITestsLaunchTests.swift */; };
		5824A7CB2B9DDCC600EF239D /* RxBlocking in Frameworks */ = {isa = PBXBuildFile; productRef = 5824A7CA2B9DDCC600EF239D /* RxBlocking */; };
		5824A7CD2B9DDCC600EF239D /* RxCocoa in Frameworks */ = {isa = PBXBuildFile; productRef = 5824A7CC2B9DDCC600EF239D /* RxCocoa */; };
		5824A7CF2B9DDCC600EF239D /* RxRelay in Frameworks */ = {isa = PBXBuildFile; productRef = 5824A7CE2B9DDCC600EF239D /* RxRelay */; };
		5824A7D22B9DDCD600EF239D /* Producer.swift in Sources */ = {isa = PBXBuildFile; fileRef = 5824A7D12B9DDCD600EF239D /* Producer.swift */; };
		5824A7D52B9DDCE700EF239D /* Channel in Frameworks */ = {isa = PBXBuildFile; productRef = 5824A7D42B9DDCE700EF239D /* Channel */; };
		5824A7D72B9DDD0100EF239D /* OldProducer.swift in Sources */ = {isa = PBXBuildFile; fileRef = 5824A7D62B9DDD0100EF239D /* OldProducer.swift */; };
		5824A7D92B9DDD6D00EF239D /* OddChannel.swift in Sources */ = {isa = PBXBuildFile; fileRef = 5824A7D82B9DDD6D00EF239D /* OddChannel.swift */; };
		5824A7DB2B9DDD7C00EF239D /* RxChannel.swift in Sources */ = {isa = PBXBuildFile; fileRef = 5824A7DA2B9DDD7C00EF239D /* RxChannel.swift */; };
		5824A7DD2B9DDD9F00EF239D /* OldProducerAdapter.swift in Sources */ = {isa = PBXBuildFile; fileRef = 5824A7DC2B9DDD9F00EF239D /* OldProducerAdapter.swift */; };
/* End PBXBuildFile section */

/* Begin PBXContainerItemProxy section */
		5824A7AD2B9DDC8200EF239D /* PBXContainerItemProxy */ = {
			isa = PBXContainerItemProxy;
			containerPortal = 5824A7942B9DDC8100EF239D /* Project object */;
			proxyType = 1;
			remoteGlobalIDString = 5824A79B2B9DDC8100EF239D;
			remoteInfo = Example;
		};
		5824A7B72B9DDC8200EF239D /* PBXContainerItemProxy */ = {
			isa = PBXContainerItemProxy;
			containerPortal = 5824A7942B9DDC8100EF239D /* Project object */;
			proxyType = 1;
			remoteGlobalIDString = 5824A79B2B9DDC8100EF239D;
			remoteInfo = Example;
		};
/* End PBXContainerItemProxy section */

/* Begin PBXFileReference section */
		5824A79C2B9DDC8100EF239D /* Example.app */ = {isa = PBXFileReference; explicitFileType = wrapper.application; includeInIndex = 0; path = Example.app; sourceTree = BUILT_PRODUCTS_DIR; };
		5824A79F2B9DDC8100EF239D /* ExampleApp.swift */ = {isa = PBXFileReference; lastKnownFileType = sourcecode.swift; path = ExampleApp.swift; sourceTree = "<group>"; };
		5824A7A12B9DDC8100EF239D /* ContentView.swift */ = {isa = PBXFileReference; lastKnownFileType = sourcecode.swift; path = ContentView.swift; sourceTree = "<group>"; };
		5824A7A32B9DDC8200EF239D /* Assets.xcassets */ = {isa = PBXFileReference; lastKnownFileType = folder.assetcatalog; path = Assets.xcassets; sourceTree = "<group>"; };
		5824A7A62B9DDC8200EF239D /* Preview Assets.xcassets */ = {isa = PBXFileReference; lastKnownFileType = folder.assetcatalog; path = "Preview Assets.xcassets"; sourceTree = "<group>"; };
		5824A7AC2B9DDC8200EF239D /* ExampleTests.xctest */ = {isa = PBXFileReference; explicitFileType = wrapper.cfbundle; includeInIndex = 0; path = ExampleTests.xctest; sourceTree = BUILT_PRODUCTS_DIR; };
		5824A7B02B9DDC8200EF239D /* ExampleTests.swift */ = {isa = PBXFileReference; lastKnownFileType = sourcecode.swift; path = ExampleTests.swift; sourceTree = "<group>"; };
		5824A7B62B9DDC8200EF239D /* ExampleUITests.xctest */ = {isa = PBXFileReference; explicitFileType = wrapper.cfbundle; includeInIndex = 0; path = ExampleUITests.xctest; sourceTree = BUILT_PRODUCTS_DIR; };
		5824A7BA2B9DDC8200EF239D /* ExampleUITests.swift */ = {isa = PBXFileReference; lastKnownFileType = sourcecode.swift; path = ExampleUITests.swift; sourceTree = "<group>"; };
		5824A7BC2B9DDC8200EF239D /* ExampleUITestsLaunchTests.swift */ = {isa = PBXFileReference; lastKnownFileType = sourcecode.swift; path = ExampleUITestsLaunchTests.swift; sourceTree = "<group>"; };
		5824A7D12B9DDCD600EF239D /* Producer.swift */ = {isa = PBXFileReference; lastKnownFileType = sourcecode.swift; path = Producer.swift; sourceTree = "<group>"; };
		5824A7D62B9DDD0100EF239D /* OldProducer.swift */ = {isa = PBXFileReference; lastKnownFileType = sourcecode.swift; path = OldProducer.swift; sourceTree = "<group>"; };
		5824A7D82B9DDD6D00EF239D /* OddChannel.swift */ = {isa = PBXFileReference; lastKnownFileType = sourcecode.swift; path = OddChannel.swift; sourceTree = "<group>"; };
		5824A7DA2B9DDD7C00EF239D /* RxChannel.swift */ = {isa = PBXFileReference; lastKnownFileType = sourcecode.swift; path = RxChannel.swift; sourceTree = "<group>"; };
		5824A7DC2B9DDD9F00EF239D /* OldProducerAdapter.swift */ = {isa = PBXFileReference; lastKnownFileType = sourcecode.swift; path = OldProducerAdapter.swift; sourceTree = "<group>"; };
/* End PBXFileReference section */

/* Begin PBXFrameworksBuildPhase section */
		5824A7992B9DDC8100EF239D /* Frameworks */ = {
			isa = PBXFrameworksBuildPhase;
			buildActionMask = 2147483647;
			files = (
				5824A7D52B9DDCE700EF239D /* Channel in Frameworks */,
				5824A7CF2B9DDCC600EF239D /* RxRelay in Frameworks */,
				5824A7CD2B9DDCC600EF239D /* RxCocoa in Frameworks */,
				5824A7CB2B9DDCC600EF239D /* RxBlocking in Frameworks */,
			);
			runOnlyForDeploymentPostprocessing = 0;
		};
		5824A7A92B9DDC8200EF239D /* Frameworks */ = {
			isa = PBXFrameworksBuildPhase;
			buildActionMask = 2147483647;
			files = (
			);
			runOnlyForDeploymentPostprocessing = 0;
		};
		5824A7B32B9DDC8200EF239D /* Frameworks */ = {
			isa = PBXFrameworksBuildPhase;
			buildActionMask = 2147483647;
			files = (
			);
			runOnlyForDeploymentPostprocessing = 0;
		};
/* End PBXFrameworksBuildPhase section */

/* Begin PBXGroup section */
		5824A7932B9DDC8100EF239D = {
			isa = PBXGroup;
			children = (
				5824A79E2B9DDC8100EF239D /* Example */,
				5824A7AF2B9DDC8200EF239D /* ExampleTests */,
				5824A7B92B9DDC8200EF239D /* ExampleUITests */,
				5824A79D2B9DDC8100EF239D /* Products */,
			);
			sourceTree = "<group>";
		};
		5824A79D2B9DDC8100EF239D /* Products */ = {
			isa = PBXGroup;
			children = (
				5824A79C2B9DDC8100EF239D /* Example.app */,
				5824A7AC2B9DDC8200EF239D /* ExampleTests.xctest */,
				5824A7B62B9DDC8200EF239D /* ExampleUITests.xctest */,
			);
			name = Products;
			sourceTree = "<group>";
		};
		5824A79E2B9DDC8100EF239D /* Example */ = {
			isa = PBXGroup;
			children = (
				5824A7D02B9DDCCE00EF239D /* Components */,
				5824A79F2B9DDC8100EF239D /* ExampleApp.swift */,
				5824A7A12B9DDC8100EF239D /* ContentView.swift */,
				5824A7A32B9DDC8200EF239D /* Assets.xcassets */,
				5824A7A52B9DDC8200EF239D /* Preview Content */,
			);
			path = Example;
			sourceTree = "<group>";
		};
		5824A7A52B9DDC8200EF239D /* Preview Content */ = {
			isa = PBXGroup;
			children = (
				5824A7A62B9DDC8200EF239D /* Preview Assets.xcassets */,
			);
			path = "Preview Content";
			sourceTree = "<group>";
		};
		5824A7AF2B9DDC8200EF239D /* ExampleTests */ = {
			isa = PBXGroup;
			children = (
				5824A7B02B9DDC8200EF239D /* ExampleTests.swift */,
			);
			path = ExampleTests;
			sourceTree = "<group>";
		};
		5824A7B92B9DDC8200EF239D /* ExampleUITests */ = {
			isa = PBXGroup;
			children = (
				5824A7BA2B9DDC8200EF239D /* ExampleUITests.swift */,
				5824A7BC2B9DDC8200EF239D /* ExampleUITestsLaunchTests.swift */,
			);
			path = ExampleUITests;
			sourceTree = "<group>";
		};
		5824A7D02B9DDCCE00EF239D /* Components */ = {
			isa = PBXGroup;
			children = (
				5824A7D12B9DDCD600EF239D /* Producer.swift */,
				5824A7D62B9DDD0100EF239D /* OldProducer.swift */,
				5824A7D82B9DDD6D00EF239D /* OddChannel.swift */,
				5824A7DA2B9DDD7C00EF239D /* RxChannel.swift */,
				5824A7DC2B9DDD9F00EF239D /* OldProducerAdapter.swift */,
			);
			path = Components;
			sourceTree = "<group>";
		};
/* End PBXGroup section */

/* Begin PBXNativeTarget section */
		5824A79B2B9DDC8100EF239D /* Example */ = {
			isa = PBXNativeTarget;
			buildConfigurationList = 5824A7C02B9DDC8200EF239D /* Build configuration list for PBXNativeTarget "Example" */;
			buildPhases = (
				5824A7982B9DDC8100EF239D /* Sources */,
				5824A7992B9DDC8100EF239D /* Frameworks */,
				5824A79A2B9DDC8100EF239D /* Resources */,
			);
			buildRules = (
			);
			dependencies = (
			);
			name = Example;
			packageProductDependencies = (
				5824A7CA2B9DDCC600EF239D /* RxBlocking */,
				5824A7CC2B9DDCC600EF239D /* RxCocoa */,
				5824A7CE2B9DDCC600EF239D /* RxRelay */,
				5824A7D42B9DDCE700EF239D /* Channel */,
			);
			productName = Example;
			productReference = 5824A79C2B9DDC8100EF239D /* Example.app */;
			productType = "com.apple.product-type.application";
		};
		5824A7AB2B9DDC8200EF239D /* ExampleTests */ = {
			isa = PBXNativeTarget;
			buildConfigurationList = 5824A7C32B9DDC8200EF239D /* Build configuration list for PBXNativeTarget "ExampleTests" */;
			buildPhases = (
				5824A7A82B9DDC8200EF239D /* Sources */,
				5824A7A92B9DDC8200EF239D /* Frameworks */,
				5824A7AA2B9DDC8200EF239D /* Resources */,
			);
			buildRules = (
			);
			dependencies = (
				5824A7AE2B9DDC8200EF239D /* PBXTargetDependency */,
			);
			name = ExampleTests;
			productName = ExampleTests;
			productReference = 5824A7AC2B9DDC8200EF239D /* ExampleTests.xctest */;
			productType = "com.apple.product-type.bundle.unit-test";
		};
		5824A7B52B9DDC8200EF239D /* ExampleUITests */ = {
			isa = PBXNativeTarget;
			buildConfigurationList = 5824A7C62B9DDC8200EF239D /* Build configuration list for PBXNativeTarget "ExampleUITests" */;
			buildPhases = (
				5824A7B22B9DDC8200EF239D /* Sources */,
				5824A7B32B9DDC8200EF239D /* Frameworks */,
				5824A7B42B9DDC8200EF239D /* Resources */,
			);
			buildRules = (
			);
			dependencies = (
				5824A7B82B9DDC8200EF239D /* PBXTargetDependency */,
			);
			name = ExampleUITests;
			productName = ExampleUITests;
			productReference = 5824A7B62B9DDC8200EF239D /* ExampleUITests.xctest */;
			productType = "com.apple.product-type.bundle.ui-testing";
		};
/* End PBXNativeTarget section */

/* Begin PBXProject section */
		5824A7942B9DDC8100EF239D /* Project object */ = {
			isa = PBXProject;
			attributes = {
				BuildIndependentTargetsInParallel = 1;
				LastSwiftUpdateCheck = 1500;
				LastUpgradeCheck = 1500;
				TargetAttributes = {
					5824A79B2B9DDC8100EF239D = {
						CreatedOnToolsVersion = 15.0;
					};
					5824A7AB2B9DDC8200EF239D = {
						CreatedOnToolsVersion = 15.0;
						TestTargetID = 5824A79B2B9DDC8100EF239D;
					};
					5824A7B52B9DDC8200EF239D = {
						CreatedOnToolsVersion = 15.0;
						TestTargetID = 5824A79B2B9DDC8100EF239D;
					};
				};
			};
			buildConfigurationList = 5824A7972B9DDC8100EF239D /* Build configuration list for PBXProject "Example" */;
			compatibilityVersion = "Xcode 14.0";
			developmentRegion = en;
			hasScannedForEncodings = 0;
			knownRegions = (
				en,
				Base,
			);
			mainGroup = 5824A7932B9DDC8100EF239D;
			packageReferences = (
				5824A7C92B9DDCC600EF239D /* XCRemoteSwiftPackageReference "RxSwift" */,
				5824A7D32B9DDCE700EF239D /* XCRemoteSwiftPackageReference "Channel" */,
			);
			productRefGroup = 5824A79D2B9DDC8100EF239D /* Products */;
			projectDirPath = "";
			projectRoot = "";
			targets = (
				5824A79B2B9DDC8100EF239D /* Example */,
				5824A7AB2B9DDC8200EF239D /* ExampleTests */,
				5824A7B52B9DDC8200EF239D /* ExampleUITests */,
			);
		};
/* End PBXProject section */

/* Begin PBXResourcesBuildPhase section */
		5824A79A2B9DDC8100EF239D /* Resources */ = {
			isa = PBXResourcesBuildPhase;
			buildActionMask = 2147483647;
			files = (
				5824A7A72B9DDC8200EF239D /* Preview Assets.xcassets in Resources */,
				5824A7A42B9DDC8200EF239D /* Assets.xcassets in Resources */,
			);
			runOnlyForDeploymentPostprocessing = 0;
		};
		5824A7AA2B9DDC8200EF239D /* Resources */ = {
			isa = PBXResourcesBuildPhase;
			buildActionMask = 2147483647;
			files = (
			);
			runOnlyForDeploymentPostprocessing = 0;
		};
		5824A7B42B9DDC8200EF239D /* Resources */ = {
			isa = PBXResourcesBuildPhase;
			buildActionMask = 2147483647;
			files = (
			);
			runOnlyForDeploymentPostprocessing = 0;
		};
/* End PBXResourcesBuildPhase section */

/* Begin PBXSourcesBuildPhase section */
		5824A7982B9DDC8100EF239D /* Sources */ = {
			isa = PBXSourcesBuildPhase;
			buildActionMask = 2147483647;
			files = (
				5824A7D22B9DDCD600EF239D /* Producer.swift in Sources */,
				5824A7A22B9DDC8100EF239D /* ContentView.swift in Sources */,
				5824A7DD2B9DDD9F00EF239D /* OldProducerAdapter.swift in Sources */,
				5824A7D92B9DDD6D00EF239D /* OddChannel.swift in Sources */,
				5824A7DB2B9DDD7C00EF239D /* RxChannel.swift in Sources */,
				5824A7A02B9DDC8100EF239D /* ExampleApp.swift in Sources */,
				5824A7D72B9DDD0100EF239D /* OldProducer.swift in Sources */,
			);
			runOnlyForDeploymentPostprocessing = 0;
		};
		5824A7A82B9DDC8200EF239D /* Sources */ = {
			isa = PBXSourcesBuildPhase;
			buildActionMask = 2147483647;
			files = (
				5824A7B12B9DDC8200EF239D /* ExampleTests.swift in Sources */,
			);
			runOnlyForDeploymentPostprocessing = 0;
		};
		5824A7B22B9DDC8200EF239D /* Sources */ = {
			isa = PBXSourcesBuildPhase;
			buildActionMask = 2147483647;
			files = (
				5824A7BB2B9DDC8200EF239D /* ExampleUITests.swift in Sources */,
				5824A7BD2B9DDC8200EF239D /* ExampleUITestsLaunchTests.swift in Sources */,
			);
			runOnlyForDeploymentPostprocessing = 0;
		};
/* End PBXSourcesBuildPhase section */

/* Begin PBXTargetDependency section */
		5824A7AE2B9DDC8200EF239D /* PBXTargetDependency */ = {
			isa = PBXTargetDependency;
			target = 5824A79B2B9DDC8100EF239D /* Example */;
			targetProxy = 5824A7AD2B9DDC8200EF239D /* PBXContainerItemProxy */;
		};
		5824A7B82B9DDC8200EF239D /* PBXTargetDependency */ = {
			isa = PBXTargetDependency;
			target = 5824A79B2B9DDC8100EF239D /* Example */;
			targetProxy = 5824A7B72B9DDC8200EF239D /* PBXContainerItemProxy */;
		};
/* End PBXTargetDependency section */

/* Begin XCBuildConfiguration section */
		5824A7BE2B9DDC8200EF239D /* Debug */ = {
			isa = XCBuildConfiguration;
			buildSettings = {
				ALWAYS_SEARCH_USER_PATHS = NO;
				ASSETCATALOG_COMPILER_GENERATE_SWIFT_ASSET_SYMBOL_EXTENSIONS = YES;
				CLANG_ANALYZER_NONNULL = YES;
				CLANG_ANALYZER_NUMBER_OBJECT_CONVERSION = YES_AGGRESSIVE;
				CLANG_CXX_LANGUAGE_STANDARD = "gnu++20";
				CLANG_ENABLE_MODULES = YES;
				CLANG_ENABLE_OBJC_ARC = YES;
				CLANG_ENABLE_OBJC_WEAK = YES;
				CLANG_WARN_BLOCK_CAPTURE_AUTORELEASING = YES;
				CLANG_WARN_BOOL_CONVERSION = YES;
				CLANG_WARN_COMMA = YES;
				CLANG_WARN_CONSTANT_CONVERSION = YES;
				CLANG_WARN_DEPRECATED_OBJC_IMPLEMENTATIONS = YES;
				CLANG_WARN_DIRECT_OBJC_ISA_USAGE = YES_ERROR;
				CLANG_WARN_DOCUMENTATION_COMMENTS = YES;
				CLANG_WARN_EMPTY_BODY = YES;
				CLANG_WARN_ENUM_CONVERSION = YES;
				CLANG_WARN_INFINITE_RECURSION = YES;
				CLANG_WARN_INT_CONVERSION = YES;
				CLANG_WARN_NON_LITERAL_NULL_CONVERSION = YES;
				CLANG_WARN_OBJC_IMPLICIT_RETAIN_SELF = YES;
				CLANG_WARN_OBJC_LITERAL_CONVERSION = YES;
				CLANG_WARN_OBJC_ROOT_CLASS = YES_ERROR;
				CLANG_WARN_QUOTED_INCLUDE_IN_FRAMEWORK_HEADER = YES;
				CLANG_WARN_RANGE_LOOP_ANALYSIS = YES;
				CLANG_WARN_STRICT_PROTOTYPES = YES;
				CLANG_WARN_SUSPICIOUS_MOVE = YES;
				CLANG_WARN_UNGUARDED_AVAILABILITY = YES_AGGRESSIVE;
				CLANG_WARN_UNREACHABLE_CODE = YES;
				CLANG_WARN__DUPLICATE_METHOD_MATCH = YES;
				COPY_PHASE_STRIP = NO;
				DEBUG_INFORMATION_FORMAT = dwarf;
				ENABLE_STRICT_OBJC_MSGSEND = YES;
				ENABLE_TESTABILITY = YES;
				ENABLE_USER_SCRIPT_SANDBOXING = YES;
				GCC_C_LANGUAGE_STANDARD = gnu17;
				GCC_DYNAMIC_NO_PIC = NO;
				GCC_NO_COMMON_BLOCKS = YES;
				GCC_OPTIMIZATION_LEVEL = 0;
				GCC_PREPROCESSOR_DEFINITIONS = (
					"DEBUG=1",
					"$(inherited)",
				);
				GCC_WARN_64_TO_32_BIT_CONVERSION = YES;
				GCC_WARN_ABOUT_RETURN_TYPE = YES_ERROR;
				GCC_WARN_UNDECLARED_SELECTOR = YES;
				GCC_WARN_UNINITIALIZED_AUTOS = YES_AGGRESSIVE;
				GCC_WARN_UNUSED_FUNCTION = YES;
				GCC_WARN_UNUSED_VARIABLE = YES;
				IPHONEOS_DEPLOYMENT_TARGET = 17.0;
				LOCALIZATION_PREFERS_STRING_CATALOGS = YES;
				MTL_ENABLE_DEBUG_INFO = INCLUDE_SOURCE;
				MTL_FAST_MATH = YES;
				ONLY_ACTIVE_ARCH = YES;
				SDKROOT = iphoneos;
				SWIFT_ACTIVE_COMPILATION_CONDITIONS = "DEBUG $(inherited)";
				SWIFT_OPTIMIZATION_LEVEL = "-Onone";
			};
			name = Debug;
		};
		5824A7BF2B9DDC8200EF239D /* Release */ = {
			isa = XCBuildConfiguration;
			buildSettings = {
				ALWAYS_SEARCH_USER_PATHS = NO;
				ASSETCATALOG_COMPILER_GENERATE_SWIFT_ASSET_SYMBOL_EXTENSIONS = YES;
				CLANG_ANALYZER_NONNULL = YES;
				CLANG_ANALYZER_NUMBER_OBJECT_CONVERSION = YES_AGGRESSIVE;
				CLANG_CXX_LANGUAGE_STANDARD = "gnu++20";
				CLANG_ENABLE_MODULES = YES;
				CLANG_ENABLE_OBJC_ARC = YES;
				CLANG_ENABLE_OBJC_WEAK = YES;
				CLANG_WARN_BLOCK_CAPTURE_AUTORELEASING = YES;
				CLANG_WARN_BOOL_CONVERSION = YES;
				CLANG_WARN_COMMA = YES;
				CLANG_WARN_CONSTANT_CONVERSION = YES;
				CLANG_WARN_DEPRECATED_OBJC_IMPLEMENTATIONS = YES;
				CLANG_WARN_DIRECT_OBJC_ISA_USAGE = YES_ERROR;
				CLANG_WARN_DOCUMENTATION_COMMENTS = YES;
				CLANG_WARN_EMPTY_BODY = YES;
				CLANG_WARN_ENUM_CONVERSION = YES;
				CLANG_WARN_INFINITE_RECURSION = YES;
				CLANG_WARN_INT_CONVERSION = YES;
				CLANG_WARN_NON_LITERAL_NULL_CONVERSION = YES;
				CLANG_WARN_OBJC_IMPLICIT_RETAIN_SELF = YES;
				CLANG_WARN_OBJC_LITERAL_CONVERSION = YES;
				CLANG_WARN_OBJC_ROOT_CLASS = YES_ERROR;
				CLANG_WARN_QUOTED_INCLUDE_IN_FRAMEWORK_HEADER = YES;
				CLANG_WARN_RANGE_LOOP_ANALYSIS = YES;
				CLANG_WARN_STRICT_PROTOTYPES = YES;
				CLANG_WARN_SUSPICIOUS_MOVE = YES;
				CLANG_WARN_UNGUARDED_AVAILABILITY = YES_AGGRESSIVE;
				CLANG_WARN_UNREACHABLE_CODE = YES;
				CLANG_WARN__DUPLICATE_METHOD_MATCH = YES;
				COPY_PHASE_STRIP = NO;
				DEBUG_INFORMATION_FORMAT = "dwarf-with-dsym";
				ENABLE_NS_ASSERTIONS = NO;
				ENABLE_STRICT_OBJC_MSGSEND = YES;
				ENABLE_USER_SCRIPT_SANDBOXING = YES;
				GCC_C_LANGUAGE_STANDARD = gnu17;
				GCC_NO_COMMON_BLOCKS = YES;
				GCC_WARN_64_TO_32_BIT_CONVERSION = YES;
				GCC_WARN_ABOUT_RETURN_TYPE = YES_ERROR;
				GCC_WARN_UNDECLARED_SELECTOR = YES;
				GCC_WARN_UNINITIALIZED_AUTOS = YES_AGGRESSIVE;
				GCC_WARN_UNUSED_FUNCTION = YES;
				GCC_WARN_UNUSED_VARIABLE = YES;
				IPHONEOS_DEPLOYMENT_TARGET = 17.0;
				LOCALIZATION_PREFERS_STRING_CATALOGS = YES;
				MTL_ENABLE_DEBUG_INFO = NO;
				MTL_FAST_MATH = YES;
				SDKROOT = iphoneos;
				SWIFT_COMPILATION_MODE = wholemodule;
				VALIDATE_PRODUCT = YES;
			};
			name = Release;
		};
		5824A7C12B9DDC8200EF239D /* Debug */ = {
			isa = XCBuildConfiguration;
			buildSettings = {
				ASSETCATALOG_COMPILER_APPICON_NAME = AppIcon;
				ASSETCATALOG_COMPILER_GLOBAL_ACCENT_COLOR_NAME = AccentColor;
				CODE_SIGN_STYLE = Automatic;
				CURRENT_PROJECT_VERSION = 1;
				DEVELOPMENT_ASSET_PATHS = "\"Example/Preview Content\"";
				ENABLE_PREVIEWS = YES;
				GENERATE_INFOPLIST_FILE = YES;
				INFOPLIST_KEY_UIApplicationSceneManifest_Generation = YES;
				INFOPLIST_KEY_UIApplicationSupportsIndirectInputEvents = YES;
				INFOPLIST_KEY_UILaunchScreen_Generation = YES;
				INFOPLIST_KEY_UISupportedInterfaceOrientations_iPad = "UIInterfaceOrientationPortrait UIInterfaceOrientationPortraitUpsideDown UIInterfaceOrientationLandscapeLeft UIInterfaceOrientationLandscapeRight";
				INFOPLIST_KEY_UISupportedInterfaceOrientations_iPhone = "UIInterfaceOrientationPortrait UIInterfaceOrientationLandscapeLeft UIInterfaceOrientationLandscapeRight";
				LD_RUNPATH_SEARCH_PATHS = (
					"$(inherited)",
					"@executable_path/Frameworks",
				);
				MARKETING_VERSION = 1.0;
				PRODUCT_BUNDLE_IDENTIFIER = hu.channel.example.Example;
				PRODUCT_NAME = "$(TARGET_NAME)";
				SWIFT_EMIT_LOC_STRINGS = YES;
				SWIFT_VERSION = 5.0;
				TARGETED_DEVICE_FAMILY = "1,2";
			};
			name = Debug;
		};
		5824A7C22B9DDC8200EF239D /* Release */ = {
			isa = XCBuildConfiguration;
			buildSettings = {
				ASSETCATALOG_COMPILER_APPICON_NAME = AppIcon;
				ASSETCATALOG_COMPILER_GLOBAL_ACCENT_COLOR_NAME = AccentColor;
				CODE_SIGN_STYLE = Automatic;
				CURRENT_PROJECT_VERSION = 1;
				DEVELOPMENT_ASSET_PATHS = "\"Example/Preview Content\"";
				ENABLE_PREVIEWS = YES;
				GENERATE_INFOPLIST_FILE = YES;
				INFOPLIST_KEY_UIApplicationSceneManifest_Generation = YES;
				INFOPLIST_KEY_UIApplicationSupportsIndirectInputEvents = YES;
				INFOPLIST_KEY_UILaunchScreen_Generation = YES;
				INFOPLIST_KEY_UISupportedInterfaceOrientations_iPad = "UIInterfaceOrientationPortrait UIInterfaceOrientationPortraitUpsideDown UIInterfaceOrientationLandscapeLeft UIInterfaceOrientationLandscapeRight";
				INFOPLIST_KEY_UISupportedInterfaceOrientations_iPhone = "UIInterfaceOrientationPortrait UIInterfaceOrientationLandscapeLeft UIInterfaceOrientationLandscapeRight";
				LD_RUNPATH_SEARCH_PATHS = (
					"$(inherited)",
					"@executable_path/Frameworks",
				);
				MARKETING_VERSION = 1.0;
				PRODUCT_BUNDLE_IDENTIFIER = hu.channel.example.Example;
				PRODUCT_NAME = "$(TARGET_NAME)";
				SWIFT_EMIT_LOC_STRINGS = YES;
				SWIFT_VERSION = 5.0;
				TARGETED_DEVICE_FAMILY = "1,2";
			};
			name = Release;
		};
		5824A7C42B9DDC8200EF239D /* Debug */ = {
			isa = XCBuildConfiguration;
			buildSettings = {
				ALWAYS_EMBED_SWIFT_STANDARD_LIBRARIES = YES;
				BUNDLE_LOADER = "$(TEST_HOST)";
				CODE_SIGN_STYLE = Automatic;
				CURRENT_PROJECT_VERSION = 1;
				GENERATE_INFOPLIST_FILE = YES;
				IPHONEOS_DEPLOYMENT_TARGET = 17.0;
				MARKETING_VERSION = 1.0;
				PRODUCT_BUNDLE_IDENTIFIER = hu.channel.example.ExampleTests;
				PRODUCT_NAME = "$(TARGET_NAME)";
				SWIFT_EMIT_LOC_STRINGS = NO;
				SWIFT_VERSION = 5.0;
				TARGETED_DEVICE_FAMILY = "1,2";
				TEST_HOST = "$(BUILT_PRODUCTS_DIR)/Example.app/$(BUNDLE_EXECUTABLE_FOLDER_PATH)/Example";
			};
			name = Debug;
		};
		5824A7C52B9DDC8200EF239D /* Release */ = {
			isa = XCBuildConfiguration;
			buildSettings = {
				ALWAYS_EMBED_SWIFT_STANDARD_LIBRARIES = YES;
				BUNDLE_LOADER = "$(TEST_HOST)";
				CODE_SIGN_STYLE = Automatic;
				CURRENT_PROJECT_VERSION = 1;
				GENERATE_INFOPLIST_FILE = YES;
				IPHONEOS_DEPLOYMENT_TARGET = 17.0;
				MARKETING_VERSION = 1.0;
				PRODUCT_BUNDLE_IDENTIFIER = hu.channel.example.ExampleTests;
				PRODUCT_NAME = "$(TARGET_NAME)";
				SWIFT_EMIT_LOC_STRINGS = NO;
				SWIFT_VERSION = 5.0;
				TARGETED_DEVICE_FAMILY = "1,2";
				TEST_HOST = "$(BUILT_PRODUCTS_DIR)/Example.app/$(BUNDLE_EXECUTABLE_FOLDER_PATH)/Example";
			};
			name = Release;
		};
		5824A7C72B9DDC8200EF239D /* Debug */ = {
			isa = XCBuildConfiguration;
			buildSettings = {
				ALWAYS_EMBED_SWIFT_STANDARD_LIBRARIES = YES;
				CODE_SIGN_STYLE = Automatic;
				CURRENT_PROJECT_VERSION = 1;
				GENERATE_INFOPLIST_FILE = YES;
				MARKETING_VERSION = 1.0;
				PRODUCT_BUNDLE_IDENTIFIER = hu.channel.example.ExampleUITests;
				PRODUCT_NAME = "$(TARGET_NAME)";
				SWIFT_EMIT_LOC_STRINGS = NO;
				SWIFT_VERSION = 5.0;
				TARGETED_DEVICE_FAMILY = "1,2";
				TEST_TARGET_NAME = Example;
			};
			name = Debug;
		};
		5824A7C82B9DDC8200EF239D /* Release */ = {
			isa = XCBuildConfiguration;
			buildSettings = {
				ALWAYS_EMBED_SWIFT_STANDARD_LIBRARIES = YES;
				CODE_SIGN_STYLE = Automatic;
				CURRENT_PROJECT_VERSION = 1;
				GENERATE_INFOPLIST_FILE = YES;
				MARKETING_VERSION = 1.0;
				PRODUCT_BUNDLE_IDENTIFIER = hu.channel.example.ExampleUITests;
				PRODUCT_NAME = "$(TARGET_NAME)";
				SWIFT_EMIT_LOC_STRINGS = NO;
				SWIFT_VERSION = 5.0;
				TARGETED_DEVICE_FAMILY = "1,2";
				TEST_TARGET_NAME = Example;
			};
			name = Release;
		};
/* End XCBuildConfiguration section */

/* Begin XCConfigurationList section */
		5824A7972B9DDC8100EF239D /* Build configuration list for PBXProject "Example" */ = {
			isa = XCConfigurationList;
			buildConfigurations = (
				5824A7BE2B9DDC8200EF239D /* Debug */,
				5824A7BF2B9DDC8200EF239D /* Release */,
			);
			defaultConfigurationIsVisible = 0;
			defaultConfigurationName = Release;
		};
		5824A7C02B9DDC8200EF239D /* Build configuration list for PBXNativeTarget "Example" */ = {
			isa = XCConfigurationList;
			buildConfigurations = (
				5824A7C12B9DDC8200EF239D /* Debug */,
				5824A7C22B9DDC8200EF239D /* Release */,
			);
			defaultConfigurationIsVisible = 0;
			defaultConfigurationName = Release;
		};
		5824A7C32B9DDC8200EF239D /* Build configuration list for PBXNativeTarget "ExampleTests" */ = {
			isa = XCConfigurationList;
			buildConfigurations = (
				5824A7C42B9DDC8200EF239D /* Debug */,
				5824A7C52B9DDC8200EF239D /* Release */,
			);
			defaultConfigurationIsVisible = 0;
			defaultConfigurationName = Release;
		};
		5824A7C62B9DDC8200EF239D /* Build configuration list for PBXNativeTarget "ExampleUITests" */ = {
			isa = XCConfigurationList;
			buildConfigurations = (
				5824A7C72B9DDC8200EF239D /* Debug */,
				5824A7C82B9DDC8200EF239D /* Release */,
			);
			defaultConfigurationIsVisible = 0;
			defaultConfigurationName = Release;
		};
/* End XCConfigurationList section */

/* Begin XCRemoteSwiftPackageReference section */
		5824A7C92B9DDCC600EF239D /* XCRemoteSwiftPackageReference "RxSwift" */ = {
			isa = XCRemoteSwiftPackageReference;
			repositoryURL = "https://github.com/ReactiveX/RxSwift";
			requirement = {
				kind = exactVersion;
				version = 6.6.0;
			};
		};
		5824A7D32B9DDCE700EF239D /* XCRemoteSwiftPackageReference "Channel" */ = {
			isa = XCRemoteSwiftPackageReference;
			repositoryURL = "https://github.com/stateman92/Channel";
			requirement = {
				kind = exactVersion;
				version = 0.0.1;
			};
		};
/* End XCRemoteSwiftPackageReference section */

/* Begin XCSwiftPackageProductDependency section */
		5824A7CA2B9DDCC600EF239D /* RxBlocking */ = {
			isa = XCSwiftPackageProductDependency;
			package = 5824A7C92B9DDCC600EF239D /* XCRemoteSwiftPackageReference "RxSwift" */;
			productName = RxBlocking;
		};
		5824A7CC2B9DDCC600EF239D /* RxCocoa */ = {
			isa = XCSwiftPackageProductDependency;
			package = 5824A7C92B9DDCC600EF239D /* XCRemoteSwiftPackageReference "RxSwift" */;
			productName = RxCocoa;
		};
		5824A7CE2B9DDCC600EF239D /* RxRelay */ = {
			isa = XCSwiftPackageProductDependency;
			package = 5824A7C92B9DDCC600EF239D /* XCRemoteSwiftPackageReference "RxSwift" */;
			productName = RxRelay;
		};
		5824A7D42B9DDCE700EF239D /* Channel */ = {
			isa = XCSwiftPackageProductDependency;
			package = 5824A7D32B9DDCE700EF239D /* XCRemoteSwiftPackageReference "Channel" */;
			productName = Channel;
		};
/* End XCSwiftPackageProductDependency section */
	};
	rootObject = 5824A7942B9DDC8100EF239D /* Project object */;
}
